
Microsoft Visual Studio Solution File, Format Version 10.00
# Visual Studio 2008
Project("{8BC9CEB8-8B4A-11D0-8D11-00A0C91BC942}") = "Lab_2", "Lab_2\Lab_2.vcproj", "{39F7B2B0-F34C-40C0-82B6-F74B0FBD4BDA}"
EndProject
Global
	GlobalSection(SolutionConfigurationPlatforms) = preSolution
		Debug|Win32 = Debug|Win32
		Release|Win32 = Release|Win32
	EndGlobalSection
	GlobalSection(ProjectConfigurationPlatforms) = postSolution
		{39F7B2B0-F34C-40C0-82B6-F74B0FBD4BDA}.Debug|Win32.ActiveCfg = Debug|Win32
		{39F7B2B0-F34C-40C0-82B6-F74B0FBD4BDA}.Debug|Win32.Build.0 = Debug|Win32
		{39F7B2B0-F34C-40C0-82B6-F74B0FBD4BDA}.Release|Win32.ActiveCfg = Release|Win32
		{39F7B2B0-F34C-40C0-82B6-F74B0FBD4BDA}.Release|Win32.Build.0 = Release|Win32
	EndGlobalSection
	GlobalSection(SolutionProperties) = preSolution
		HideSolutionNode = FALSE
	EndGlobalSection
EndGlobal
